{
    "_readme": [
        "This file locks the dependencies of your project to a known state",
        "Read more about it at https://getcomposer.org/doc/01-basic-usage.md#composer-lock-the-lock-file",
        "This file is @generated automatically"
    ],
    "hash": "1eb10edb789f73404509afabc8d7c2a3",
    "content-hash": "583a8a3925b8850d8f7a47fade0b2018",
    "packages": [
        {
            "name": "fzaninotto/faker",
            "version": "v1.7.1",
            "source": {
                "type": "git",
                "url": "https://github.com/fzaninotto/Faker.git",
                "reference": "d3ed4cc37051c1ca52d22d76b437d14809fc7e0d"
            },
            "dist": {
                "type": "zip",
                "url": "https://api.github.com/repos/fzaninotto/Faker/zipball/d3ed4cc37051c1ca52d22d76b437d14809fc7e0d",
                "reference": "d3ed4cc37051c1ca52d22d76b437d14809fc7e0d",
                "shasum": ""
            },
            "require": {
                "php": "^5.3.3 || ^7.0"
            },
            "require-dev": {
                "ext-intl": "*",
                "phpunit/phpunit": "^4.0 || ^5.0",
                "squizlabs/php_codesniffer": "^1.5"
            },
            "type": "library",
            "extra": {
                "branch-alias": {
                    "dev-master": "1.8-dev"
                }
            },
            "autoload": {
                "psr-4": {
                    "Faker\\": "src/Faker/"
                }
            },
            "notification-url": "https://packagist.org/downloads/",
            "license": [
                "MIT"
            ],
            "authors": [
                {
                    "name": "François Zaninotto"
                }
            ],
            "description": "Faker is a PHP library that generates fake data for you.",
            "keywords": [
                "data",
                "faker",
                "fixtures"
            ],
            "time": "2017-08-15 16:48:10"
        },
        {
            "name": "jzonta/faker-restaurant",
            "version": "1.0.0",
            "source": {
                "type": "git",
                "url": "https://github.com/jzonta/FakerRestaurant.git",
                "reference": "8fe1ba7d887f1b7047b951a15166e316eaa07963"
            },
            "dist": {
                "type": "zip",
                "url": "https://api.github.com/repos/jzonta/FakerRestaurant/zipball/8fe1ba7d887f1b7047b951a15166e316eaa07963",
                "reference": "8fe1ba7d887f1b7047b951a15166e316eaa07963",
                "shasum": ""
            },
            "require": {
                "fzaninotto/faker": "~1.4",
                "php": ">=5.3.0"
            },
            "type": "library",
            "autoload": {
                "psr-4": {
                    "FakerRestaurant\\": "src"
                }
            },
            "notification-url": "https://packagist.org/downloads/",
            "license": [
                "MIT"
            ],
            "authors": [
                {
                    "name": "João Zonta"
                }
            ],
            "description": "Food and Beverage names generate using fzaninotto/Faker",
            "homepage": "https://github.com/jzonta/FakerRestaurant",
            "time": "2017-10-23 15:36:44"
        }
    ],
    "packages-dev": [],
    "aliases": [],
    "minimum-stability": "stable",
    "stability-flags": [],
    "prefer-stable": false,
    "prefer-lowest": false,
    "platform": [],
    "platform-dev": []
}
